
Microsoft Visual Studio Solution File, Format Version 12.00
# Visual Studio 2012
Project("{2150E333-8FDC-42A3-9474-1A3956D46DE8}") = ".nuget", ".nuget", "{FD6330AB-ADDD-436B-B9A4-3E63C7FD45E4}"
	ProjectSection(SolutionItems) = preProject
		.nuget\NuGet.Config = .nuget\NuGet.Config
		.nuget\NuGet.exe = .nuget\NuGet.exe
		.nuget\NuGet.targets = .nuget\NuGet.targets
	EndProjectSection
EndProject
Project("{FAE04EC0-301F-11D3-BF4B-00C04F79EFBC}") = "RefreshLifestyle", "RefreshLifestyle\RefreshLifestyle.csproj", "{0E981533-1EE3-4B03-A2B7-AE6312FCB9FE}"
EndProject
Project("{FAE04EC0-301F-11D3-BF4B-00C04F79EFBC}") = "RefreshLifestyle.Tests", "RefreshLifestyle.Tests\RefreshLifestyle.Tests.csproj", "{C266610A-7351-4B6C-88D1-A1B685E63BAF}"
EndProject
Global
	GlobalSection(SolutionConfigurationPlatforms) = preSolution
		Debug|Any CPU = Debug|Any CPU
		Release|Any CPU = Release|Any CPU
	EndGlobalSection
	GlobalSection(ProjectConfigurationPlatforms) = postSolution
		{0E981533-1EE3-4B03-A2B7-AE6312FCB9FE}.Debug|Any CPU.ActiveCfg = Debug|Any CPU
		{0E981533-1EE3-4B03-A2B7-AE6312FCB9FE}.Debug|Any CPU.Build.0 = Debug|Any CPU
		{0E981533-1EE3-4B03-A2B7-AE6312FCB9FE}.Release|Any CPU.ActiveCfg = Release|Any CPU
		{0E981533-1EE3-4B03-A2B7-AE6312FCB9FE}.Release|Any CPU.Build.0 = Release|Any CPU
		{C266610A-7351-4B6C-88D1-A1B685E63BAF}.Debug|Any CPU.ActiveCfg = Debug|Any CPU
		{C266610A-7351-4B6C-88D1-A1B685E63BAF}.Debug|Any CPU.Build.0 = Debug|Any CPU
		{C266610A-7351-4B6C-88D1-A1B685E63BAF}.Release|Any CPU.ActiveCfg = Release|Any CPU
		{C266610A-7351-4B6C-88D1-A1B685E63BAF}.Release|Any CPU.Build.0 = Release|Any CPU
	EndGlobalSection
	GlobalSection(SolutionProperties) = preSolution
		HideSolutionNode = FALSE
	EndGlobalSection
EndGlobal
